// !$*UTF8*$!
{
	archiveVersion = 1;
	classes = {
	};
	objectVersion = 56;
	objects = {

/* Begin PBXBuildFile section */
		75B707F32AD5DE9800A6AA3A /* AppDelegate.swift in Sources */ = {isa = PBXBuildFile; fileRef = 75B707F22AD5DE9800A6AA3A /* AppDelegate.swift */; };
		75B707F52AD5DE9800A6AA3A /* SceneDelegate.swift in Sources */ = {isa = PBXBuildFile; fileRef = 75B707F42AD5DE9800A6AA3A /* SceneDelegate.swift */; };
		75B707F72AD5DE9800A6AA3A /* ViewController.swift in Sources */ = {isa = PBXBuildFile; fileRef = 75B707F62AD5DE9800A6AA3A /* ViewController.swift */; };
		75B707FA2AD5DE9800A6AA3A /* Main.storyboard in Resources */ = {isa = PBXBuildFile; fileRef = 75B707F82AD5DE9800A6AA3A /* Main.storyboard */; };
		75B707FC2AD5DE9900A6AA3A /* Assets.xcassets in Resources */ = {isa = PBXBuildFile; fileRef = 75B707FB2AD5DE9900A6AA3A /* Assets.xcassets */; };
		75B707FF2AD5DE9900A6AA3A /* LaunchScreen.storyboard in Resources */ = {isa = PBXBuildFile; fileRef = 75B707FD2AD5DE9900A6AA3A /* LaunchScreen.storyboard */; };
		75B7080A2AD5DE9900A6AA3A /* TwitterAppTests.swift in Sources */ = {isa = PBXBuildFile; fileRef = 75B708092AD5DE9900A6AA3A /* TwitterAppTests.swift */; };
		75B708142AD5DE9900A6AA3A /* TwitterAppUITests.swift in Sources */ = {isa = PBXBuildFile; fileRef = 75B708132AD5DE9900A6AA3A /* TwitterAppUITests.swift */; };
		75B708162AD5DE9900A6AA3A /* TwitterAppUITestsLaunchTests.swift in Sources */ = {isa = PBXBuildFile; fileRef = 75B708152AD5DE9900A6AA3A /* TwitterAppUITestsLaunchTests.swift */; };
/* End PBXBuildFile section */

/* Begin PBXContainerItemProxy section */
		75B708062AD5DE9900A6AA3A /* PBXContainerItemProxy */ = {
			isa = PBXContainerItemProxy;
			containerPortal = 75B707E72AD5DE9800A6AA3A /* Project object */;
			proxyType = 1;
			remoteGlobalIDString = 75B707EE2AD5DE9800A6AA3A;
			remoteInfo = TwitterApp;
		};
		75B708102AD5DE9900A6AA3A /* PBXContainerItemProxy */ = {
			isa = PBXContainerItemProxy;
			containerPortal = 75B707E72AD5DE9800A6AA3A /* Project object */;
			proxyType = 1;
			remoteGlobalIDString = 75B707EE2AD5DE9800A6AA3A;
			remoteInfo = TwitterApp;
		};
/* End PBXContainerItemProxy section */

/* Begin PBXFileReference section */
		75B707EF2AD5DE9800A6AA3A /* TwitterApp.app */ = {isa = PBXFileReference; explicitFileType = wrapper.application; includeInIndex = 0; path = TwitterApp.app; sourceTree = BUILT_PRODUCTS_DIR; };
		75B707F22AD5DE9800A6AA3A /* AppDelegate.swift */ = {isa = PBXFileReference; lastKnownFileType = sourcecode.swift; path = AppDelegate.swift; sourceTree = "<group>"; };
		75B707F42AD5DE9800A6AA3A /* SceneDelegate.swift */ = {isa = PBXFileReference; lastKnownFileType = sourcecode.swift; path = SceneDelegate.swift; sourceTree = "<group>"; };
		75B707F62AD5DE9800A6AA3A /* ViewController.swift */ = {isa = PBXFileReference; lastKnownFileType = sourcecode.swift; path = ViewController.swift; sourceTree = "<group>"; };
		75B707F92AD5DE9800A6AA3A /* Base */ = {isa = PBXFileReference; lastKnownFileType = file.storyboard; name = Base; path = Base.lproj/Main.storyboard; sourceTree = "<group>"; };
		75B707FB2AD5DE9900A6AA3A /* Assets.xcassets */ = {isa = PBXFileReference; lastKnownFileType = folder.assetcatalog; path = Assets.xcassets; sourceTree = "<group>"; };
		75B707FE2AD5DE9900A6AA3A /* Base */ = {isa = PBXFileReference; lastKnownFileType = file.storyboard; name = Base; path = Base.lproj/LaunchScreen.storyboard; sourceTree = "<group>"; };
		75B708002AD5DE9900A6AA3A /* Info.plist */ = {isa = PBXFileReference; lastKnownFileType = text.plist.xml; path = Info.plist; sourceTree = "<group>"; };
		75B708052AD5DE9900A6AA3A /* TwitterAppTests.xctest */ = {isa = PBXFileReference; explicitFileType = wrapper.cfbundle; includeInIndex = 0; path = TwitterAppTests.xctest; sourceTree = BUILT_PRODUCTS_DIR; };
		75B708092AD5DE9900A6AA3A /* TwitterAppTests.swift */ = {isa = PBXFileReference; lastKnownFileType = sourcecode.swift; path = TwitterAppTests.swift; sourceTree = "<group>"; };
		75B7080F2AD5DE9900A6AA3A /* TwitterAppUITests.xctest */ = {isa = PBXFileReference; explicitFileType = wrapper.cfbundle; includeInIndex = 0; path = TwitterAppUITests.xctest; sourceTree = BUILT_PRODUCTS_DIR; };
		75B708132AD5DE9900A6AA3A /* TwitterAppUITests.swift */ = {isa = PBXFileReference; lastKnownFileType = sourcecode.swift; path = TwitterAppUITests.swift; sourceTree = "<group>"; };
		75B708152AD5DE9900A6AA3A /* TwitterAppUITestsLaunchTests.swift */ = {isa = PBXFileReference; lastKnownFileType = sourcecode.swift; path = TwitterAppUITestsLaunchTests.swift; sourceTree = "<group>"; };
/* End PBXFileReference section */

/* Begin PBXFrameworksBuildPhase section */
		75B707EC2AD5DE9800A6AA3A /* Frameworks */ = {
			isa = PBXFrameworksBuildPhase;
			buildActionMask = 2147483647;
			files = (
			);
			runOnlyForDeploymentPostprocessing = 0;
		};
		75B708022AD5DE9900A6AA3A /* Frameworks */ = {
			isa = PBXFrameworksBuildPhase;
			buildActionMask = 2147483647;
			files = (
			);
			runOnlyForDeploymentPostprocessing = 0;
		};
		75B7080C2AD5DE9900A6AA3A /* Frameworks */ = {
			isa = PBXFrameworksBuildPhase;
			buildActionMask = 2147483647;
			files = (
			);
			runOnlyForDeploymentPostprocessing = 0;
		};
/* End PBXFrameworksBuildPhase section */

/* Begin PBXGroup section */
		75B707E62AD5DE9800A6AA3A = {
			isa = PBXGroup;
			children = (
				75B707F12AD5DE9800A6AA3A /* TwitterApp */,
				75B708082AD5DE9900A6AA3A /* TwitterAppTests */,
				75B708122AD5DE9900A6AA3A /* TwitterAppUITests */,
				75B707F02AD5DE9800A6AA3A /* Products */,
			);
			sourceTree = "<group>";
		};
		75B707F02AD5DE9800A6AA3A /* Products */ = {
			isa = PBXGroup;
			children = (
				75B707EF2AD5DE9800A6AA3A /* TwitterApp.app */,
				75B708052AD5DE9900A6AA3A /* TwitterAppTests.xctest */,
				75B7080F2AD5DE9900A6AA3A /* TwitterAppUITests.xctest */,
			);
			name = Products;
			sourceTree = "<group>";
		};
		75B707F12AD5DE9800A6AA3A /* TwitterApp */ = {
			isa = PBXGroup;
			children = (
				75B707F22AD5DE9800A6AA3A /* AppDelegate.swift */,
				75B707F42AD5DE9800A6AA3A /* SceneDelegate.swift */,
				75B707F62AD5DE9800A6AA3A /* ViewController.swift */,
				75B707F82AD5DE9800A6AA3A /* Main.storyboard */,
				75B707FB2AD5DE9900A6AA3A /* Assets.xcassets */,
				75B707FD2AD5DE9900A6AA3A /* LaunchScreen.storyboard */,
				75B708002AD5DE9900A6AA3A /* Info.plist */,
			);
			path = TwitterApp;
			sourceTree = "<group>";
		};
		75B708082AD5DE9900A6AA3A /* TwitterAppTests */ = {
			isa = PBXGroup;
			children = (
				75B708092AD5DE9900A6AA3A /* TwitterAppTests.swift */,
			);
			path = TwitterAppTests;
			sourceTree = "<group>";
		};
		75B708122AD5DE9900A6AA3A /* TwitterAppUITests */ = {
			isa = PBXGroup;
			children = (
				75B708132AD5DE9900A6AA3A /* TwitterAppUITests.swift */,
				75B708152AD5DE9900A6AA3A /* TwitterAppUITestsLaunchTests.swift */,
			);
			path = TwitterAppUITests;
			sourceTree = "<group>";
		};
/* End PBXGroup section */

/* Begin PBXNativeTarget section */
		75B707EE2AD5DE9800A6AA3A /* TwitterApp */ = {
			isa = PBXNativeTarget;
			buildConfigurationList = 75B708192AD5DE9900A6AA3A /* Build configuration list for PBXNativeTarget "TwitterApp" */;
			buildPhases = (
				75B707EB2AD5DE9800A6AA3A /* Sources */,
				75B707EC2AD5DE9800A6AA3A /* Frameworks */,
				75B707ED2AD5DE9800A6AA3A /* Resources */,
			);
			buildRules = (
			);
			dependencies = (
			);
			name = TwitterApp;
			productName = TwitterApp;
			productReference = 75B707EF2AD5DE9800A6AA3A /* TwitterApp.app */;
			productType = "com.apple.product-type.application";
		};
		75B708042AD5DE9900A6AA3A /* TwitterAppTests */ = {
			isa = PBXNativeTarget;
			buildConfigurationList = 75B7081C2AD5DE9900A6AA3A /* Build configuration list for PBXNativeTarget "TwitterAppTests" */;
			buildPhases = (
				75B708012AD5DE9900A6AA3A /* Sources */,
				75B708022AD5DE9900A6AA3A /* Frameworks */,
				75B708032AD5DE9900A6AA3A /* Resources */,
			);
			buildRules = (
			);
			dependencies = (
				75B708072AD5DE9900A6AA3A /* PBXTargetDependency */,
			);
			name = TwitterAppTests;
			productName = TwitterAppTests;
			productReference = 75B708052AD5DE9900A6AA3A /* TwitterAppTests.xctest */;
			productType = "com.apple.product-type.bundle.unit-test";
		};
		75B7080E2AD5DE9900A6AA3A /* TwitterAppUITests */ = {
			isa = PBXNativeTarget;
			buildConfigurationList = 75B7081F2AD5DE9900A6AA3A /* Build configuration list for PBXNativeTarget "TwitterAppUITests" */;
			buildPhases = (
				75B7080B2AD5DE9900A6AA3A /* Sources */,
				75B7080C2AD5DE9900A6AA3A /* Frameworks */,
				75B7080D2AD5DE9900A6AA3A /* Resources */,
			);
			buildRules = (
			);
			dependencies = (
				75B708112AD5DE9900A6AA3A /* PBXTargetDependency */,
			);
			name = TwitterAppUITests;
			productName = TwitterAppUITests;
			productReference = 75B7080F2AD5DE9900A6AA3A /* TwitterAppUITests.xctest */;
			productType = "com.apple.product-type.bundle.ui-testing";
		};
/* End PBXNativeTarget section */

/* Begin PBXProject section */
		75B707E72AD5DE9800A6AA3A /* Project object */ = {
			isa = PBXProject;
			attributes = {
				BuildIndependentTargetsInParallel = 1;
				LastSwiftUpdateCheck = 1500;
				LastUpgradeCheck = 1500;
				TargetAttributes = {
					75B707EE2AD5DE9800A6AA3A = {
						CreatedOnToolsVersion = 15.0;
					};
					75B708042AD5DE9900A6AA3A = {
						CreatedOnToolsVersion = 15.0;
						TestTargetID = 75B707EE2AD5DE9800A6AA3A;
					};
					75B7080E2AD5DE9900A6AA3A = {
						CreatedOnToolsVersion = 15.0;
						TestTargetID = 75B707EE2AD5DE9800A6AA3A;
					};
				};
			};
			buildConfigurationList = 75B707EA2AD5DE9800A6AA3A /* Build configuration list for PBXProject "TwitterApp" */;
			compatibilityVersion = "Xcode 14.0";
			developmentRegion = en;
			hasScannedForEncodings = 0;
			knownRegions = (
				en,
				Base,
			);
			mainGroup = 75B707E62AD5DE9800A6AA3A;
			productRefGroup = 75B707F02AD5DE9800A6AA3A /* Products */;
			projectDirPath = "";
			projectRoot = "";
			targets = (
				75B707EE2AD5DE9800A6AA3A /* TwitterApp */,
				75B708042AD5DE9900A6AA3A /* TwitterAppTests */,
				75B7080E2AD5DE9900A6AA3A /* TwitterAppUITests */,
			);
		};
/* End PBXProject section */

/* Begin PBXResourcesBuildPhase section */
		75B707ED2AD5DE9800A6AA3A /* Resources */ = {
			isa = PBXResourcesBuildPhase;
			buildActionMask = 2147483647;
			files = (
				75B707FF2AD5DE9900A6AA3A /* LaunchScreen.storyboard in Resources */,
				75B707FC2AD5DE9900A6AA3A /* Assets.xcassets in Resources */,
				75B707FA2AD5DE9800A6AA3A /* Main.storyboard in Resources */,
			);
			runOnlyForDeploymentPostprocessing = 0;
		};
		75B708032AD5DE9900A6AA3A /* Resources */ = {
			isa = PBXResourcesBuildPhase;
			buildActionMask = 2147483647;
			files = (
			);
			runOnlyForDeploymentPostprocessing = 0;
		};
		75B7080D2AD5DE9900A6AA3A /* Resources */ = {
			isa = PBXResourcesBuildPhase;
			buildActionMask = 2147483647;
			files = (
			);
			runOnlyForDeploymentPostprocessing = 0;
		};
/* End PBXResourcesBuildPhase section */

/* Begin PBXSourcesBuildPhase section */
		75B707EB2AD5DE9800A6AA3A /* Sources */ = {
			isa = PBXSourcesBuildPhase;
			buildActionMask = 2147483647;
			files = (
				75B707F72AD5DE9800A6AA3A /* ViewController.swift in Sources */,
				75B707F32AD5DE9800A6AA3A /* AppDelegate.swift in Sources */,
				75B707F52AD5DE9800A6AA3A /* SceneDelegate.swift in Sources */,
			);
			runOnlyForDeploymentPostprocessing = 0;
		};
		75B708012AD5DE9900A6AA3A /* Sources */ = {
			isa = PBXSourcesBuildPhase;
			buildActionMask = 2147483647;
			files = (
				75B7080A2AD5DE9900A6AA3A /* TwitterAppTests.swift in Sources */,
			);
			runOnlyForDeploymentPostprocessing = 0;
		};
		75B7080B2AD5DE9900A6AA3A /* Sources */ = {
			isa = PBXSourcesBuildPhase;
			buildActionMask = 2147483647;
			files = (
				75B708162AD5DE9900A6AA3A /* TwitterAppUITestsLaunchTests.swift in Sources */,
				75B708142AD5DE9900A6AA3A /* TwitterAppUITests.swift in Sources */,
			);
			runOnlyForDeploymentPostprocessing = 0;
		};
/* End PBXSourcesBuildPhase section */

/* Begin PBXTargetDependency section */
		75B708072AD5DE9900A6AA3A /* PBXTargetDependency */ = {
			isa = PBXTargetDependency;
			target = 75B707EE2AD5DE9800A6AA3A /* TwitterApp */;
			targetProxy = 75B708062AD5DE9900A6AA3A /* PBXContainerItemProxy */;
		};
		75B708112AD5DE9900A6AA3A /* PBXTargetDependency */ = {
			isa = PBXTargetDependency;
			target = 75B707EE2AD5DE9800A6AA3A /* TwitterApp */;
			targetProxy = 75B708102AD5DE9900A6AA3A /* PBXContainerItemProxy */;
		};
/* End PBXTargetDependency section */

/* Begin PBXVariantGroup section */
		75B707F82AD5DE9800A6AA3A /* Main.storyboard */ = {
			isa = PBXVariantGroup;
			children = (
				75B707F92AD5DE9800A6AA3A /* Base */,
			);
			name = Main.storyboard;
			sourceTree = "<group>";
		};
		75B707FD2AD5DE9900A6AA3A /* LaunchScreen.storyboard */ = {
			isa = PBXVariantGroup;
			children = (
				75B707FE2AD5DE9900A6AA3A /* Base */,
			);
			name = LaunchScreen.storyboard;
			sourceTree = "<group>";
		};
/* End PBXVariantGroup section */

/* Begin XCBuildConfiguration section */
		75B708172AD5DE9900A6AA3A /* Debug */ = {
			isa = XCBuildConfiguration;
			buildSettings = {
				ALWAYS_SEARCH_USER_PATHS = NO;
				ASSETCATALOG_COMPILER_GENERATE_SWIFT_ASSET_SYMBOL_EXTENSIONS = YES;
				CLANG_ANALYZER_NONNULL = YES;
				CLANG_ANALYZER_NUMBER_OBJECT_CONVERSION = YES_AGGRESSIVE;
				CLANG_CXX_LANGUAGE_STANDARD = "gnu++20";
				CLANG_ENABLE_MODULES = YES;
				CLANG_ENABLE_OBJC_ARC = YES;
				CLANG_ENABLE_OBJC_WEAK = YES;
				CLANG_WARN_BLOCK_CAPTURE_AUTORELEASING = YES;
				CLANG_WARN_BOOL_CONVERSION = YES;
				CLANG_WARN_COMMA = YES;
				CLANG_WARN_CONSTANT_CONVERSION = YES;
				CLANG_WARN_DEPRECATED_OBJC_IMPLEMENTATIONS = YES;
				CLANG_WARN_DIRECT_OBJC_ISA_USAGE = YES_ERROR;
				CLANG_WARN_DOCUMENTATION_COMMENTS = YES;
				CLANG_WARN_EMPTY_BODY = YES;
				CLANG_WARN_ENUM_CONVERSION = YES;
				CLANG_WARN_INFINITE_RECURSION = YES;
				CLANG_WARN_INT_CONVERSION = YES;
				CLANG_WARN_NON_LITERAL_NULL_CONVERSION = YES;
				CLANG_WARN_OBJC_IMPLICIT_RETAIN_SELF = YES;
				CLANG_WARN_OBJC_LITERAL_CONVERSION = YES;
				CLANG_WARN_OBJC_ROOT_CLASS = YES_ERROR;
				CLANG_WARN_QUOTED_INCLUDE_IN_FRAMEWORK_HEADER = YES;
				CLANG_WARN_RANGE_LOOP_ANALYSIS = YES;
				CLANG_WARN_STRICT_PROTOTYPES = YES;
				CLANG_WARN_SUSPICIOUS_MOVE = YES;
				CLANG_WARN_UNGUARDED_AVAILABILITY = YES_AGGRESSIVE;
				CLANG_WARN_UNREACHABLE_CODE = YES;
				CLANG_WARN__DUPLICATE_METHOD_MATCH = YES;
				COPY_PHASE_STRIP = NO;
				DEBUG_INFORMATION_FORMAT = dwarf;
				ENABLE_STRICT_OBJC_MSGSEND = YES;
				ENABLE_TESTABILITY = YES;
				ENABLE_USER_SCRIPT_SANDBOXING = YES;
				GCC_C_LANGUAGE_STANDARD = gnu17;
				GCC_DYNAMIC_NO_PIC = NO;
				GCC_NO_COMMON_BLOCKS = YES;
				GCC_OPTIMIZATION_LEVEL = 0;
				GCC_PREPROCESSOR_DEFINITIONS = (
					"DEBUG=1",
					"$(inherited)",
				);
				GCC_WARN_64_TO_32_BIT_CONVERSION = YES;
				GCC_WARN_ABOUT_RETURN_TYPE = YES_ERROR;
				GCC_WARN_UNDECLARED_SELECTOR = YES;
				GCC_WARN_UNINITIALIZED_AUTOS = YES_AGGRESSIVE;
				GCC_WARN_UNUSED_FUNCTION = YES;
				GCC_WARN_UNUSED_VARIABLE = YES;
				IPHONEOS_DEPLOYMENT_TARGET = 17.0;
				LOCALIZATION_PREFERS_STRING_CATALOGS = YES;
				MTL_ENABLE_DEBUG_INFO = INCLUDE_SOURCE;
				MTL_FAST_MATH = YES;
				ONLY_ACTIVE_ARCH = YES;
				SDKROOT = iphoneos;
				SWIFT_ACTIVE_COMPILATION_CONDITIONS = "DEBUG $(inherited)";
				SWIFT_OPTIMIZATION_LEVEL = "-Onone";
			};
			name = Debug;
		};
		75B708182AD5DE9900A6AA3A /* Release */ = {
			isa = XCBuildConfiguration;
			buildSettings = {
				ALWAYS_SEARCH_USER_PATHS = NO;
				ASSETCATALOG_COMPILER_GENERATE_SWIFT_ASSET_SYMBOL_EXTENSIONS = YES;
				CLANG_ANALYZER_NONNULL = YES;
				CLANG_ANALYZER_NUMBER_OBJECT_CONVERSION = YES_AGGRESSIVE;
				CLANG_CXX_LANGUAGE_STANDARD = "gnu++20";
				CLANG_ENABLE_MODULES = YES;
				CLANG_ENABLE_OBJC_ARC = YES;
				CLANG_ENABLE_OBJC_WEAK = YES;
				CLANG_WARN_BLOCK_CAPTURE_AUTORELEASING = YES;
				CLANG_WARN_BOOL_CONVERSION = YES;
				CLANG_WARN_COMMA = YES;
				CLANG_WARN_CONSTANT_CONVERSION = YES;
				CLANG_WARN_DEPRECATED_OBJC_IMPLEMENTATIONS = YES;
				CLANG_WARN_DIRECT_OBJC_ISA_USAGE = YES_ERROR;
				CLANG_WARN_DOCUMENTATION_COMMENTS = YES;
				CLANG_WARN_EMPTY_BODY = YES;
				CLANG_WARN_ENUM_CONVERSION = YES;
				CLANG_WARN_INFINITE_RECURSION = YES;
				CLANG_WARN_INT_CONVERSION = YES;
				CLANG_WARN_NON_LITERAL_NULL_CONVERSION = YES;
				CLANG_WARN_OBJC_IMPLICIT_RETAIN_SELF = YES;
				CLANG_WARN_OBJC_LITERAL_CONVERSION = YES;
				CLANG_WARN_OBJC_ROOT_CLASS = YES_ERROR;
				CLANG_WARN_QUOTED_INCLUDE_IN_FRAMEWORK_HEADER = YES;
				CLANG_WARN_RANGE_LOOP_ANALYSIS = YES;
				CLANG_WARN_STRICT_PROTOTYPES = YES;
				CLANG_WARN_SUSPICIOUS_MOVE = YES;
				CLANG_WARN_UNGUARDED_AVAILABILITY = YES_AGGRESSIVE;
				CLANG_WARN_UNREACHABLE_CODE = YES;
				CLANG_WARN__DUPLICATE_METHOD_MATCH = YES;
				COPY_PHASE_STRIP = NO;
				DEBUG_INFORMATION_FORMAT = "dwarf-with-dsym";
				ENABLE_NS_ASSERTIONS = NO;
				ENABLE_STRICT_OBJC_MSGSEND = YES;
				ENABLE_USER_SCRIPT_SANDBOXING = YES;
				GCC_C_LANGUAGE_STANDARD = gnu17;
				GCC_NO_COMMON_BLOCKS = YES;
				GCC_WARN_64_TO_32_BIT_CONVERSION = YES;
				GCC_WARN_ABOUT_RETURN_TYPE = YES_ERROR;
				GCC_WARN_UNDECLARED_SELECTOR = YES;
				GCC_WARN_UNINITIALIZED_AUTOS = YES_AGGRESSIVE;
				GCC_WARN_UNUSED_FUNCTION = YES;
				GCC_WARN_UNUSED_VARIABLE = YES;
				IPHONEOS_DEPLOYMENT_TARGET = 17.0;
				LOCALIZATION_PREFERS_STRING_CATALOGS = YES;
				MTL_ENABLE_DEBUG_INFO = NO;
				MTL_FAST_MATH = YES;
				SDKROOT = iphoneos;
				SWIFT_COMPILATION_MODE = wholemodule;
				VALIDATE_PRODUCT = YES;
			};
			name = Release;
		};
		75B7081A2AD5DE9900A6AA3A /* Debug */ = {
			isa = XCBuildConfiguration;
			buildSettings = {
				ASSETCATALOG_COMPILER_APPICON_NAME = AppIcon;
				ASSETCATALOG_COMPILER_GLOBAL_ACCENT_COLOR_NAME = AccentColor;
				CODE_SIGN_STYLE = Automatic;
				CURRENT_PROJECT_VERSION = 1;
				DEVELOPMENT_TEAM = QS8NP7Z934;
				GENERATE_INFOPLIST_FILE = YES;
				INFOPLIST_FILE = TwitterApp/Info.plist;
				INFOPLIST_KEY_UIApplicationSupportsIndirectInputEvents = YES;
				INFOPLIST_KEY_UILaunchStoryboardName = LaunchScreen;
				INFOPLIST_KEY_UIMainStoryboardFile = Main;
				INFOPLIST_KEY_UISupportedInterfaceOrientations_iPad = "UIInterfaceOrientationPortrait UIInterfaceOrientationPortraitUpsideDown UIInterfaceOrientationLandscapeLeft UIInterfaceOrientationLandscapeRight";
				INFOPLIST_KEY_UISupportedInterfaceOrientations_iPhone = "UIInterfaceOrientationPortrait UIInterfaceOrientationLandscapeLeft UIInterfaceOrientationLandscapeRight";
				LD_RUNPATH_SEARCH_PATHS = (
					"$(inherited)",
					"@executable_path/Frameworks",
				);
				MARKETING_VERSION = 1.0;
				PRODUCT_BUNDLE_IDENTIFIER = com.carvajal.TwitterApp;
				PRODUCT_NAME = "$(TARGET_NAME)";
				SWIFT_EMIT_LOC_STRINGS = YES;
				SWIFT_VERSION = 5.0;
				TARGETED_DEVICE_FAMILY = "1,2";
			};
			name = Debug;
		};
		75B7081B2AD5DE9900A6AA3A /* Release */ = {
			isa = XCBuildConfiguration;
			buildSettings = {
				ASSETCATALOG_COMPILER_APPICON_NAME = AppIcon;
				ASSETCATALOG_COMPILER_GLOBAL_ACCENT_COLOR_NAME = AccentColor;
				CODE_SIGN_STYLE = Automatic;
				CURRENT_PROJECT_VERSION = 1;
				DEVELOPMENT_TEAM = QS8NP7Z934;
				GENERATE_INFOPLIST_FILE = YES;
				INFOPLIST_FILE = TwitterApp/Info.plist;
				INFOPLIST_KEY_UIApplicationSupportsIndirectInputEvents = YES;
				INFOPLIST_KEY_UILaunchStoryboardName = LaunchScreen;
				INFOPLIST_KEY_UIMainStoryboardFile = Main;
				INFOPLIST_KEY_UISupportedInterfaceOrientations_iPad = "UIInterfaceOrientationPortrait UIInterfaceOrientationPortraitUpsideDown UIInterfaceOrientationLandscapeLeft UIInterfaceOrientationLandscapeRight";
				INFOPLIST_KEY_UISupportedInterfaceOrientations_iPhone = "UIInterfaceOrientationPortrait UIInterfaceOrientationLandscapeLeft UIInterfaceOrientationLandscapeRight";
				LD_RUNPATH_SEARCH_PATHS = (
					"$(inherited)",
					"@executable_path/Frameworks",
				);
				MARKETING_VERSION = 1.0;
				PRODUCT_BUNDLE_IDENTIFIER = com.carvajal.TwitterApp;
				PRODUCT_NAME = "$(TARGET_NAME)";
				SWIFT_EMIT_LOC_STRINGS = YES;
				SWIFT_VERSION = 5.0;
				TARGETED_DEVICE_FAMILY = "1,2";
			};
			name = Release;
		};
		75B7081D2AD5DE9900A6AA3A /* Debug */ = {
			isa = XCBuildConfiguration;
			buildSettings = {
				ALWAYS_EMBED_SWIFT_STANDARD_LIBRARIES = YES;
				BUNDLE_LOADER = "$(TEST_HOST)";
				CODE_SIGN_STYLE = Automatic;
				CURRENT_PROJECT_VERSION = 1;
				DEVELOPMENT_TEAM = QS8NP7Z934;
				GENERATE_INFOPLIST_FILE = YES;
				IPHONEOS_DEPLOYMENT_TARGET = 17.0;
				MARKETING_VERSION = 1.0;
				PRODUCT_BUNDLE_IDENTIFIER = com.carvajal.TwitterAppTests;
				PRODUCT_NAME = "$(TARGET_NAME)";
				SWIFT_EMIT_LOC_STRINGS = NO;
				SWIFT_VERSION = 5.0;
				TARGETED_DEVICE_FAMILY = "1,2";
				TEST_HOST = "$(BUILT_PRODUCTS_DIR)/TwitterApp.app/$(BUNDLE_EXECUTABLE_FOLDER_PATH)/TwitterApp";
			};
			name = Debug;
		};
		75B7081E2AD5DE9900A6AA3A /* Release */ = {
			isa = XCBuildConfiguration;
			buildSettings = {
				ALWAYS_EMBED_SWIFT_STANDARD_LIBRARIES = YES;
				BUNDLE_LOADER = "$(TEST_HOST)";
				CODE_SIGN_STYLE = Automatic;
				CURRENT_PROJECT_VERSION = 1;
				DEVELOPMENT_TEAM = QS8NP7Z934;
				GENERATE_INFOPLIST_FILE = YES;
				IPHONEOS_DEPLOYMENT_TARGET = 17.0;
				MARKETING_VERSION = 1.0;
				PRODUCT_BUNDLE_IDENTIFIER = com.carvajal.TwitterAppTests;
				PRODUCT_NAME = "$(TARGET_NAME)";
				SWIFT_EMIT_LOC_STRINGS = NO;
				SWIFT_VERSION = 5.0;
				TARGETED_DEVICE_FAMILY = "1,2";
				TEST_HOST = "$(BUILT_PRODUCTS_DIR)/TwitterApp.app/$(BUNDLE_EXECUTABLE_FOLDER_PATH)/TwitterApp";
			};
			name = Release;
		};
		75B708202AD5DE9900A6AA3A /* Debug */ = {
			isa = XCBuildConfiguration;
			buildSettings = {
				ALWAYS_EMBED_SWIFT_STANDARD_LIBRARIES = YES;
				CODE_SIGN_STYLE = Automatic;
				CURRENT_PROJECT_VERSION = 1;
				DEVELOPMENT_TEAM = QS8NP7Z934;
				GENERATE_INFOPLIST_FILE = YES;
				MARKETING_VERSION = 1.0;
				PRODUCT_BUNDLE_IDENTIFIER = com.carvajal.TwitterAppUITests;
				PRODUCT_NAME = "$(TARGET_NAME)";
				SWIFT_EMIT_LOC_STRINGS = NO;
				SWIFT_VERSION = 5.0;
				TARGETED_DEVICE_FAMILY = "1,2";
				TEST_TARGET_NAME = TwitterApp;
			};
			name = Debug;
		};
		75B708212AD5DE9900A6AA3A /* Release */ = {
			isa = XCBuildConfiguration;
			buildSettings = {
				ALWAYS_EMBED_SWIFT_STANDARD_LIBRARIES = YES;
				CODE_SIGN_STYLE = Automatic;
				CURRENT_PROJECT_VERSION = 1;
				DEVELOPMENT_TEAM = QS8NP7Z934;
				GENERATE_INFOPLIST_FILE = YES;
				MARKETING_VERSION = 1.0;
				PRODUCT_BUNDLE_IDENTIFIER = com.carvajal.TwitterAppUITests;
				PRODUCT_NAME = "$(TARGET_NAME)";
				SWIFT_EMIT_LOC_STRINGS = NO;
				SWIFT_VERSION = 5.0;
				TARGETED_DEVICE_FAMILY = "1,2";
				TEST_TARGET_NAME = TwitterApp;
			};
			name = Release;
		};
/* End XCBuildConfiguration section */

/* Begin XCConfigurationList section */
		75B707EA2AD5DE9800A6AA3A /* Build configuration list for PBXProject "TwitterApp" */ = {
			isa = XCConfigurationList;
			buildConfigurations = (
				75B708172AD5DE9900A6AA3A /* Debug */,
				75B708182AD5DE9900A6AA3A /* Release */,
			);
			defaultConfigurationIsVisible = 0;
			defaultConfigurationName = Release;
		};
		75B708192AD5DE9900A6AA3A /* Build configuration list for PBXNativeTarget "TwitterApp" */ = {
			isa = XCConfigurationList;
			buildConfigurations = (
				75B7081A2AD5DE9900A6AA3A /* Debug */,
				75B7081B2AD5DE9900A6AA3A /* Release */,
			);
			defaultConfigurationIsVisible = 0;
			defaultConfigurationName = Release;
		};
		75B7081C2AD5DE9900A6AA3A /* Build configuration list for PBXNativeTarget "TwitterAppTests" */ = {
			isa = XCConfigurationList;
			buildConfigurations = (
				75B7081D2AD5DE9900A6AA3A /* Debug */,
				75B7081E2AD5DE9900A6AA3A /* Release */,
			);
			defaultConfigurationIsVisible = 0;
			defaultConfigurationName = Release;
		};
		75B7081F2AD5DE9900A6AA3A /* Build configuration list for PBXNativeTarget "TwitterAppUITests" */ = {
			isa = XCConfigurationList;
			buildConfigurations = (
				75B708202AD5DE9900A6AA3A /* Debug */,
				75B708212AD5DE9900A6AA3A /* Release */,
			);
			defaultConfigurationIsVisible = 0;
			defaultConfigurationName = Release;
		};
/* End XCConfigurationList section */
	};
	rootObject = 75B707E72AD5DE9800A6AA3A /* Project object */;
}
